
Microsoft Visual Studio Solution File, Format Version 12.00
# Visual Studio Version 17
VisualStudioVersion = 17.10.35122.118
MinimumVisualStudioVersion = 10.0.40219.1
Project("{9A19103F-16F7-4668-BE54-9A1E7A4F7556}") = "BankBranchWebAPI", "BankBranchWebAPI.csproj", "{BB3B8C8F-7F9C-49F1-ABA5-6E0B6BB7AADA}"
EndProject
Global
	GlobalSection(SolutionConfigurationPlatforms) = preSolution
		Debug|Any CPU = Debug|Any CPU
		Release|Any CPU = Release|Any CPU
	EndGlobalSection
	GlobalSection(ProjectConfigurationPlatforms) = postSolution
		{BB3B8C8F-7F9C-49F1-ABA5-6E0B6BB7AADA}.Debug|Any CPU.ActiveCfg = Debug|Any CPU
		{BB3B8C8F-7F9C-49F1-ABA5-6E0B6BB7AADA}.Debug|Any CPU.Build.0 = Debug|Any CPU
		{BB3B8C8F-7F9C-49F1-ABA5-6E0B6BB7AADA}.Release|Any CPU.ActiveCfg = Release|Any CPU
		{BB3B8C8F-7F9C-49F1-ABA5-6E0B6BB7AADA}.Release|Any CPU.Build.0 = Release|Any CPU
	EndGlobalSection
	GlobalSection(SolutionProperties) = preSolution
		HideSolutionNode = FALSE
	EndGlobalSection
	GlobalSection(ExtensibilityGlobals) = postSolution
		SolutionGuid = {15139534-8FE7-4CE2-8686-6F383C7C96E3}
	EndGlobalSection
EndGlobal
